
Microsoft Visual Studio Solution File, Format Version 12.00
# Visual Studio Version 17
VisualStudioVersion = 17.6.33815.320
MinimumVisualStudioVersion = 10.0.40219.1
Project("{FAE04EC0-301F-11D3-BF4B-00C04F79EFBC}") = "20230713s", "20230713s\20230713s.csproj", "{7C0BCFE3-D947-4718-892F-C4DEAA75FDF4}"
EndProject
Global
	GlobalSection(SolutionConfigurationPlatforms) = preSolution
		Debug|Any CPU = Debug|Any CPU
		Release|Any CPU = Release|Any CPU
	EndGlobalSection
	GlobalSection(ProjectConfigurationPlatforms) = postSolution
		{7C0BCFE3-D947-4718-892F-C4DEAA75FDF4}.Debug|Any CPU.ActiveCfg = Debug|Any CPU
		{7C0BCFE3-D947-4718-892F-C4DEAA75FDF4}.Debug|Any CPU.Build.0 = Debug|Any CPU
		{7C0BCFE3-D947-4718-892F-C4DEAA75FDF4}.Release|Any CPU.ActiveCfg = Release|Any CPU
		{7C0BCFE3-D947-4718-892F-C4DEAA75FDF4}.Release|Any CPU.Build.0 = Release|Any CPU
	EndGlobalSection
	GlobalSection(SolutionProperties) = preSolution
		HideSolutionNode = FALSE
	EndGlobalSection
	GlobalSection(ExtensibilityGlobals) = postSolution
		SolutionGuid = {632FA358-9FC3-485A-86D6-506916B414FC}
	EndGlobalSection
EndGlobal
